
Microsoft Visual Studio Solution File, Format Version 12.00
# Visual Studio Version 17
VisualStudioVersion = 17.8.34525.116
MinimumVisualStudioVersion = 10.0.40219.1
Project("{9A19103F-16F7-4668-BE54-9A1E7A4F7556}") = "WebApi", "WebApi\WebApi.csproj", "{160220E2-C03C-4B72-ACFB-F9B2F99DF123}"
EndProject
Project("{FAE04EC0-301F-11D3-BF4B-00C04F79EFBC}") = "Kafka", "Kafka\Kafka.csproj", "{8B93396F-B1AB-4476-A977-384DD86B1171}"
EndProject
Project("{FAE04EC0-301F-11D3-BF4B-00C04F79EFBC}") = "Outbox", "Outbox\Outbox.csproj", "{21E09AE9-53FC-4165-838B-EFA2F4DE0442}"
EndProject
Project("{FAE04EC0-301F-11D3-BF4B-00C04F79EFBC}") = "UnitOfWork", "UnitOfWork\UnitOfWork.csproj", "{318396BE-FBB2-482C-8492-97E3B4D4F50C}"
EndProject
Project("{FAE04EC0-301F-11D3-BF4B-00C04F79EFBC}") = "Serialization", "Serialization\Serialization.csproj", "{586E9867-47F4-49EB-B48A-D34544E0B6D2}"
EndProject
Global
	GlobalSection(SolutionConfigurationPlatforms) = preSolution
		Debug|Any CPU = Debug|Any CPU
		Release|Any CPU = Release|Any CPU
	EndGlobalSection
	GlobalSection(ProjectConfigurationPlatforms) = postSolution
		{160220E2-C03C-4B72-ACFB-F9B2F99DF123}.Debug|Any CPU.ActiveCfg = Debug|Any CPU
		{160220E2-C03C-4B72-ACFB-F9B2F99DF123}.Debug|Any CPU.Build.0 = Debug|Any CPU
		{160220E2-C03C-4B72-ACFB-F9B2F99DF123}.Release|Any CPU.ActiveCfg = Release|Any CPU
		{160220E2-C03C-4B72-ACFB-F9B2F99DF123}.Release|Any CPU.Build.0 = Release|Any CPU
		{8B93396F-B1AB-4476-A977-384DD86B1171}.Debug|Any CPU.ActiveCfg = Debug|Any CPU
		{8B93396F-B1AB-4476-A977-384DD86B1171}.Debug|Any CPU.Build.0 = Debug|Any CPU
		{8B93396F-B1AB-4476-A977-384DD86B1171}.Release|Any CPU.ActiveCfg = Release|Any CPU
		{8B93396F-B1AB-4476-A977-384DD86B1171}.Release|Any CPU.Build.0 = Release|Any CPU
		{21E09AE9-53FC-4165-838B-EFA2F4DE0442}.Debug|Any CPU.ActiveCfg = Debug|Any CPU
		{21E09AE9-53FC-4165-838B-EFA2F4DE0442}.Debug|Any CPU.Build.0 = Debug|Any CPU
		{21E09AE9-53FC-4165-838B-EFA2F4DE0442}.Release|Any CPU.ActiveCfg = Release|Any CPU
		{21E09AE9-53FC-4165-838B-EFA2F4DE0442}.Release|Any CPU.Build.0 = Release|Any CPU
		{318396BE-FBB2-482C-8492-97E3B4D4F50C}.Debug|Any CPU.ActiveCfg = Debug|Any CPU
		{318396BE-FBB2-482C-8492-97E3B4D4F50C}.Debug|Any CPU.Build.0 = Debug|Any CPU
		{318396BE-FBB2-482C-8492-97E3B4D4F50C}.Release|Any CPU.ActiveCfg = Release|Any CPU
		{318396BE-FBB2-482C-8492-97E3B4D4F50C}.Release|Any CPU.Build.0 = Release|Any CPU
		{586E9867-47F4-49EB-B48A-D34544E0B6D2}.Debug|Any CPU.ActiveCfg = Debug|Any CPU
		{586E9867-47F4-49EB-B48A-D34544E0B6D2}.Debug|Any CPU.Build.0 = Debug|Any CPU
		{586E9867-47F4-49EB-B48A-D34544E0B6D2}.Release|Any CPU.ActiveCfg = Release|Any CPU
		{586E9867-47F4-49EB-B48A-D34544E0B6D2}.Release|Any CPU.Build.0 = Release|Any CPU
	EndGlobalSection
	GlobalSection(SolutionProperties) = preSolution
		HideSolutionNode = FALSE
	EndGlobalSection
	GlobalSection(ExtensibilityGlobals) = postSolution
		SolutionGuid = {B31C9A28-1E76-4D8E-9D2E-1FB4E08449B3}
	EndGlobalSection
EndGlobal
